// !$*UTF8*$!
{
	archiveVersion = 1;
	classes = {
	};
	objectVersion = 56;
	objects = {

/* Begin PBXBuildFile section */
		3B603B7F2A9B8D1B0030A563 /* AppDelegate.swift in Sources */ = {isa = PBXBuildFile; fileRef = 3B603B7E2A9B8D1B0030A563 /* AppDelegate.swift */; };
		3B603B812A9B8D1B0030A563 /* SceneDelegate.swift in Sources */ = {isa = PBXBuildFile; fileRef = 3B603B802A9B8D1B0030A563 /* SceneDelegate.swift */; };
		3B603B832A9B8D1B0030A563 /* ViewController.swift in Sources */ = {isa = PBXBuildFile; fileRef = 3B603B822A9B8D1B0030A563 /* ViewController.swift */; };
		3B603B862A9B8D1B0030A563 /* Main.storyboard in Resources */ = {isa = PBXBuildFile; fileRef = 3B603B842A9B8D1B0030A563 /* Main.storyboard */; };
		3B603B892A9B8D1B0030A563 /* Popular_Movies.xcdatamodeld in Sources */ = {isa = PBXBuildFile; fileRef = 3B603B872A9B8D1B0030A563 /* Popular_Movies.xcdatamodeld */; };
		3B603B8B2A9B8D1D0030A563 /* Assets.xcassets in Resources */ = {isa = PBXBuildFile; fileRef = 3B603B8A2A9B8D1D0030A563 /* Assets.xcassets */; };
		3B603B8E2A9B8D1D0030A563 /* LaunchScreen.storyboard in Resources */ = {isa = PBXBuildFile; fileRef = 3B603B8C2A9B8D1D0030A563 /* LaunchScreen.storyboard */; };
		3B603B992A9B8D1D0030A563 /* Popular_MoviesTests.swift in Sources */ = {isa = PBXBuildFile; fileRef = 3B603B982A9B8D1D0030A563 /* Popular_MoviesTests.swift */; };
		3B603BA32A9B8D1D0030A563 /* Popular_MoviesUITests.swift in Sources */ = {isa = PBXBuildFile; fileRef = 3B603BA22A9B8D1D0030A563 /* Popular_MoviesUITests.swift */; };
		3B603BA52A9B8D1D0030A563 /* Popular_MoviesUITestsLaunchTests.swift in Sources */ = {isa = PBXBuildFile; fileRef = 3B603BA42A9B8D1D0030A563 /* Popular_MoviesUITestsLaunchTests.swift */; };
/* End PBXBuildFile section */

/* Begin PBXContainerItemProxy section */
		3B603B952A9B8D1D0030A563 /* PBXContainerItemProxy */ = {
			isa = PBXContainerItemProxy;
			containerPortal = 3B603B732A9B8D1B0030A563 /* Project object */;
			proxyType = 1;
			remoteGlobalIDString = 3B603B7A2A9B8D1B0030A563;
			remoteInfo = "Popular Movies";
		};
		3B603B9F2A9B8D1D0030A563 /* PBXContainerItemProxy */ = {
			isa = PBXContainerItemProxy;
			containerPortal = 3B603B732A9B8D1B0030A563 /* Project object */;
			proxyType = 1;
			remoteGlobalIDString = 3B603B7A2A9B8D1B0030A563;
			remoteInfo = "Popular Movies";
		};
/* End PBXContainerItemProxy section */

/* Begin PBXFileReference section */
		3B603B7B2A9B8D1B0030A563 /* Popular Movies.app */ = {isa = PBXFileReference; explicitFileType = wrapper.application; includeInIndex = 0; path = "Popular Movies.app"; sourceTree = BUILT_PRODUCTS_DIR; };
		3B603B7E2A9B8D1B0030A563 /* AppDelegate.swift */ = {isa = PBXFileReference; lastKnownFileType = sourcecode.swift; path = AppDelegate.swift; sourceTree = "<group>"; };
		3B603B802A9B8D1B0030A563 /* SceneDelegate.swift */ = {isa = PBXFileReference; lastKnownFileType = sourcecode.swift; path = SceneDelegate.swift; sourceTree = "<group>"; };
		3B603B822A9B8D1B0030A563 /* ViewController.swift */ = {isa = PBXFileReference; lastKnownFileType = sourcecode.swift; path = ViewController.swift; sourceTree = "<group>"; };
		3B603B852A9B8D1B0030A563 /* Base */ = {isa = PBXFileReference; lastKnownFileType = file.storyboard; name = Base; path = Base.lproj/Main.storyboard; sourceTree = "<group>"; };
		3B603B882A9B8D1B0030A563 /* Popular_Movies.xcdatamodel */ = {isa = PBXFileReference; lastKnownFileType = wrapper.xcdatamodel; path = Popular_Movies.xcdatamodel; sourceTree = "<group>"; };
		3B603B8A2A9B8D1D0030A563 /* Assets.xcassets */ = {isa = PBXFileReference; lastKnownFileType = folder.assetcatalog; path = Assets.xcassets; sourceTree = "<group>"; };
		3B603B8D2A9B8D1D0030A563 /* Base */ = {isa = PBXFileReference; lastKnownFileType = file.storyboard; name = Base; path = Base.lproj/LaunchScreen.storyboard; sourceTree = "<group>"; };
		3B603B8F2A9B8D1D0030A563 /* Info.plist */ = {isa = PBXFileReference; lastKnownFileType = text.plist.xml; path = Info.plist; sourceTree = "<group>"; };
		3B603B942A9B8D1D0030A563 /* Popular MoviesTests.xctest */ = {isa = PBXFileReference; explicitFileType = wrapper.cfbundle; includeInIndex = 0; path = "Popular MoviesTests.xctest"; sourceTree = BUILT_PRODUCTS_DIR; };
		3B603B982A9B8D1D0030A563 /* Popular_MoviesTests.swift */ = {isa = PBXFileReference; lastKnownFileType = sourcecode.swift; path = Popular_MoviesTests.swift; sourceTree = "<group>"; };
		3B603B9E2A9B8D1D0030A563 /* Popular MoviesUITests.xctest */ = {isa = PBXFileReference; explicitFileType = wrapper.cfbundle; includeInIndex = 0; path = "Popular MoviesUITests.xctest"; sourceTree = BUILT_PRODUCTS_DIR; };
		3B603BA22A9B8D1D0030A563 /* Popular_MoviesUITests.swift */ = {isa = PBXFileReference; lastKnownFileType = sourcecode.swift; path = Popular_MoviesUITests.swift; sourceTree = "<group>"; };
		3B603BA42A9B8D1D0030A563 /* Popular_MoviesUITestsLaunchTests.swift */ = {isa = PBXFileReference; lastKnownFileType = sourcecode.swift; path = Popular_MoviesUITestsLaunchTests.swift; sourceTree = "<group>"; };
/* End PBXFileReference section */

/* Begin PBXFrameworksBuildPhase section */
		3B603B782A9B8D1B0030A563 /* Frameworks */ = {
			isa = PBXFrameworksBuildPhase;
			buildActionMask = 2147483647;
			files = (
			);
			runOnlyForDeploymentPostprocessing = 0;
		};
		3B603B912A9B8D1D0030A563 /* Frameworks */ = {
			isa = PBXFrameworksBuildPhase;
			buildActionMask = 2147483647;
			files = (
			);
			runOnlyForDeploymentPostprocessing = 0;
		};
		3B603B9B2A9B8D1D0030A563 /* Frameworks */ = {
			isa = PBXFrameworksBuildPhase;
			buildActionMask = 2147483647;
			files = (
			);
			runOnlyForDeploymentPostprocessing = 0;
		};
/* End PBXFrameworksBuildPhase section */

/* Begin PBXGroup section */
		3B603B722A9B8D1B0030A563 = {
			isa = PBXGroup;
			children = (
				3B603B7D2A9B8D1B0030A563 /* Popular Movies */,
				3B603B972A9B8D1D0030A563 /* Popular MoviesTests */,
				3B603BA12A9B8D1D0030A563 /* Popular MoviesUITests */,
				3B603B7C2A9B8D1B0030A563 /* Products */,
			);
			sourceTree = "<group>";
		};
		3B603B7C2A9B8D1B0030A563 /* Products */ = {
			isa = PBXGroup;
			children = (
				3B603B7B2A9B8D1B0030A563 /* Popular Movies.app */,
				3B603B942A9B8D1D0030A563 /* Popular MoviesTests.xctest */,
				3B603B9E2A9B8D1D0030A563 /* Popular MoviesUITests.xctest */,
			);
			name = Products;
			sourceTree = "<group>";
		};
		3B603B7D2A9B8D1B0030A563 /* Popular Movies */ = {
			isa = PBXGroup;
			children = (
				3B603B7E2A9B8D1B0030A563 /* AppDelegate.swift */,
				3B603B802A9B8D1B0030A563 /* SceneDelegate.swift */,
				3B603B822A9B8D1B0030A563 /* ViewController.swift */,
				3B603B842A9B8D1B0030A563 /* Main.storyboard */,
				3B603B8A2A9B8D1D0030A563 /* Assets.xcassets */,
				3B603B8C2A9B8D1D0030A563 /* LaunchScreen.storyboard */,
				3B603B8F2A9B8D1D0030A563 /* Info.plist */,
				3B603B872A9B8D1B0030A563 /* Popular_Movies.xcdatamodeld */,
			);
			path = "Popular Movies";
			sourceTree = "<group>";
		};
		3B603B972A9B8D1D0030A563 /* Popular MoviesTests */ = {
			isa = PBXGroup;
			children = (
				3B603B982A9B8D1D0030A563 /* Popular_MoviesTests.swift */,
			);
			path = "Popular MoviesTests";
			sourceTree = "<group>";
		};
		3B603BA12A9B8D1D0030A563 /* Popular MoviesUITests */ = {
			isa = PBXGroup;
			children = (
				3B603BA22A9B8D1D0030A563 /* Popular_MoviesUITests.swift */,
				3B603BA42A9B8D1D0030A563 /* Popular_MoviesUITestsLaunchTests.swift */,
			);
			path = "Popular MoviesUITests";
			sourceTree = "<group>";
		};
/* End PBXGroup section */

/* Begin PBXNativeTarget section */
		3B603B7A2A9B8D1B0030A563 /* Popular Movies */ = {
			isa = PBXNativeTarget;
			buildConfigurationList = 3B603BA82A9B8D1D0030A563 /* Build configuration list for PBXNativeTarget "Popular Movies" */;
			buildPhases = (
				3B603B772A9B8D1B0030A563 /* Sources */,
				3B603B782A9B8D1B0030A563 /* Frameworks */,
				3B603B792A9B8D1B0030A563 /* Resources */,
			);
			buildRules = (
			);
			dependencies = (
			);
			name = "Popular Movies";
			productName = "Popular Movies";
			productReference = 3B603B7B2A9B8D1B0030A563 /* Popular Movies.app */;
			productType = "com.apple.product-type.application";
		};
		3B603B932A9B8D1D0030A563 /* Popular MoviesTests */ = {
			isa = PBXNativeTarget;
			buildConfigurationList = 3B603BAB2A9B8D1D0030A563 /* Build configuration list for PBXNativeTarget "Popular MoviesTests" */;
			buildPhases = (
				3B603B902A9B8D1D0030A563 /* Sources */,
				3B603B912A9B8D1D0030A563 /* Frameworks */,
				3B603B922A9B8D1D0030A563 /* Resources */,
			);
			buildRules = (
			);
			dependencies = (
				3B603B962A9B8D1D0030A563 /* PBXTargetDependency */,
			);
			name = "Popular MoviesTests";
			productName = "Popular MoviesTests";
			productReference = 3B603B942A9B8D1D0030A563 /* Popular MoviesTests.xctest */;
			productType = "com.apple.product-type.bundle.unit-test";
		};
		3B603B9D2A9B8D1D0030A563 /* Popular MoviesUITests */ = {
			isa = PBXNativeTarget;
			buildConfigurationList = 3B603BAE2A9B8D1D0030A563 /* Build configuration list for PBXNativeTarget "Popular MoviesUITests" */;
			buildPhases = (
				3B603B9A2A9B8D1D0030A563 /* Sources */,
				3B603B9B2A9B8D1D0030A563 /* Frameworks */,
				3B603B9C2A9B8D1D0030A563 /* Resources */,
			);
			buildRules = (
			);
			dependencies = (
				3B603BA02A9B8D1D0030A563 /* PBXTargetDependency */,
			);
			name = "Popular MoviesUITests";
			productName = "Popular MoviesUITests";
			productReference = 3B603B9E2A9B8D1D0030A563 /* Popular MoviesUITests.xctest */;
			productType = "com.apple.product-type.bundle.ui-testing";
		};
/* End PBXNativeTarget section */

/* Begin PBXProject section */
		3B603B732A9B8D1B0030A563 /* Project object */ = {
			isa = PBXProject;
			attributes = {
				BuildIndependentTargetsInParallel = 1;
				LastSwiftUpdateCheck = 1420;
				LastUpgradeCheck = 1420;
				TargetAttributes = {
					3B603B7A2A9B8D1B0030A563 = {
						CreatedOnToolsVersion = 14.2;
					};
					3B603B932A9B8D1D0030A563 = {
						CreatedOnToolsVersion = 14.2;
						TestTargetID = 3B603B7A2A9B8D1B0030A563;
					};
					3B603B9D2A9B8D1D0030A563 = {
						CreatedOnToolsVersion = 14.2;
						TestTargetID = 3B603B7A2A9B8D1B0030A563;
					};
				};
			};
			buildConfigurationList = 3B603B762A9B8D1B0030A563 /* Build configuration list for PBXProject "Popular Movies" */;
			compatibilityVersion = "Xcode 14.0";
			developmentRegion = en;
			hasScannedForEncodings = 0;
			knownRegions = (
				en,
				Base,
			);
			mainGroup = 3B603B722A9B8D1B0030A563;
			productRefGroup = 3B603B7C2A9B8D1B0030A563 /* Products */;
			projectDirPath = "";
			projectRoot = "";
			targets = (
				3B603B7A2A9B8D1B0030A563 /* Popular Movies */,
				3B603B932A9B8D1D0030A563 /* Popular MoviesTests */,
				3B603B9D2A9B8D1D0030A563 /* Popular MoviesUITests */,
			);
		};
/* End PBXProject section */

/* Begin PBXResourcesBuildPhase section */
		3B603B792A9B8D1B0030A563 /* Resources */ = {
			isa = PBXResourcesBuildPhase;
			buildActionMask = 2147483647;
			files = (
				3B603B8E2A9B8D1D0030A563 /* LaunchScreen.storyboard in Resources */,
				3B603B8B2A9B8D1D0030A563 /* Assets.xcassets in Resources */,
				3B603B862A9B8D1B0030A563 /* Main.storyboard in Resources */,
			);
			runOnlyForDeploymentPostprocessing = 0;
		};
		3B603B922A9B8D1D0030A563 /* Resources */ = {
			isa = PBXResourcesBuildPhase;
			buildActionMask = 2147483647;
			files = (
			);
			runOnlyForDeploymentPostprocessing = 0;
		};
		3B603B9C2A9B8D1D0030A563 /* Resources */ = {
			isa = PBXResourcesBuildPhase;
			buildActionMask = 2147483647;
			files = (
			);
			runOnlyForDeploymentPostprocessing = 0;
		};
/* End PBXResourcesBuildPhase section */

/* Begin PBXSourcesBuildPhase section */
		3B603B772A9B8D1B0030A563 /* Sources */ = {
			isa = PBXSourcesBuildPhase;
			buildActionMask = 2147483647;
			files = (
				3B603B892A9B8D1B0030A563 /* Popular_Movies.xcdatamodeld in Sources */,
				3B603B832A9B8D1B0030A563 /* ViewController.swift in Sources */,
				3B603B7F2A9B8D1B0030A563 /* AppDelegate.swift in Sources */,
				3B603B812A9B8D1B0030A563 /* SceneDelegate.swift in Sources */,
			);
			runOnlyForDeploymentPostprocessing = 0;
		};
		3B603B902A9B8D1D0030A563 /* Sources */ = {
			isa = PBXSourcesBuildPhase;
			buildActionMask = 2147483647;
			files = (
				3B603B992A9B8D1D0030A563 /* Popular_MoviesTests.swift in Sources */,
			);
			runOnlyForDeploymentPostprocessing = 0;
		};
		3B603B9A2A9B8D1D0030A563 /* Sources */ = {
			isa = PBXSourcesBuildPhase;
			buildActionMask = 2147483647;
			files = (
				3B603BA32A9B8D1D0030A563 /* Popular_MoviesUITests.swift in Sources */,
				3B603BA52A9B8D1D0030A563 /* Popular_MoviesUITestsLaunchTests.swift in Sources */,
			);
			runOnlyForDeploymentPostprocessing = 0;
		};
/* End PBXSourcesBuildPhase section */

/* Begin PBXTargetDependency section */
		3B603B962A9B8D1D0030A563 /* PBXTargetDependency */ = {
			isa = PBXTargetDependency;
			target = 3B603B7A2A9B8D1B0030A563 /* Popular Movies */;
			targetProxy = 3B603B952A9B8D1D0030A563 /* PBXContainerItemProxy */;
		};
		3B603BA02A9B8D1D0030A563 /* PBXTargetDependency */ = {
			isa = PBXTargetDependency;
			target = 3B603B7A2A9B8D1B0030A563 /* Popular Movies */;
			targetProxy = 3B603B9F2A9B8D1D0030A563 /* PBXContainerItemProxy */;
		};
/* End PBXTargetDependency section */

/* Begin PBXVariantGroup section */
		3B603B842A9B8D1B0030A563 /* Main.storyboard */ = {
			isa = PBXVariantGroup;
			children = (
				3B603B852A9B8D1B0030A563 /* Base */,
			);
			name = Main.storyboard;
			sourceTree = "<group>";
		};
		3B603B8C2A9B8D1D0030A563 /* LaunchScreen.storyboard */ = {
			isa = PBXVariantGroup;
			children = (
				3B603B8D2A9B8D1D0030A563 /* Base */,
			);
			name = LaunchScreen.storyboard;
			sourceTree = "<group>";
		};
/* End PBXVariantGroup section */

/* Begin XCBuildConfiguration section */
		3B603BA62A9B8D1D0030A563 /* Debug */ = {
			isa = XCBuildConfiguration;
			buildSettings = {
				ALWAYS_SEARCH_USER_PATHS = NO;
				CLANG_ANALYZER_NONNULL = YES;
				CLANG_ANALYZER_NUMBER_OBJECT_CONVERSION = YES_AGGRESSIVE;
				CLANG_CXX_LANGUAGE_STANDARD = "gnu++20";
				CLANG_ENABLE_MODULES = YES;
				CLANG_ENABLE_OBJC_ARC = YES;
				CLANG_ENABLE_OBJC_WEAK = YES;
				CLANG_WARN_BLOCK_CAPTURE_AUTORELEASING = YES;
				CLANG_WARN_BOOL_CONVERSION = YES;
				CLANG_WARN_COMMA = YES;
				CLANG_WARN_CONSTANT_CONVERSION = YES;
				CLANG_WARN_DEPRECATED_OBJC_IMPLEMENTATIONS = YES;
				CLANG_WARN_DIRECT_OBJC_ISA_USAGE = YES_ERROR;
				CLANG_WARN_DOCUMENTATION_COMMENTS = YES;
				CLANG_WARN_EMPTY_BODY = YES;
				CLANG_WARN_ENUM_CONVERSION = YES;
				CLANG_WARN_INFINITE_RECURSION = YES;
				CLANG_WARN_INT_CONVERSION = YES;
				CLANG_WARN_NON_LITERAL_NULL_CONVERSION = YES;
				CLANG_WARN_OBJC_IMPLICIT_RETAIN_SELF = YES;
				CLANG_WARN_OBJC_LITERAL_CONVERSION = YES;
				CLANG_WARN_OBJC_ROOT_CLASS = YES_ERROR;
				CLANG_WARN_QUOTED_INCLUDE_IN_FRAMEWORK_HEADER = YES;
				CLANG_WARN_RANGE_LOOP_ANALYSIS = YES;
				CLANG_WARN_STRICT_PROTOTYPES = YES;
				CLANG_WARN_SUSPICIOUS_MOVE = YES;
				CLANG_WARN_UNGUARDED_AVAILABILITY = YES_AGGRESSIVE;
				CLANG_WARN_UNREACHABLE_CODE = YES;
				CLANG_WARN__DUPLICATE_METHOD_MATCH = YES;
				COPY_PHASE_STRIP = NO;
				DEBUG_INFORMATION_FORMAT = dwarf;
				ENABLE_STRICT_OBJC_MSGSEND = YES;
				ENABLE_TESTABILITY = YES;
				GCC_C_LANGUAGE_STANDARD = gnu11;
				GCC_DYNAMIC_NO_PIC = NO;
				GCC_NO_COMMON_BLOCKS = YES;
				GCC_OPTIMIZATION_LEVEL = 0;
				GCC_PREPROCESSOR_DEFINITIONS = (
					"DEBUG=1",
					"$(inherited)",
				);
				GCC_WARN_64_TO_32_BIT_CONVERSION = YES;
				GCC_WARN_ABOUT_RETURN_TYPE = YES_ERROR;
				GCC_WARN_UNDECLARED_SELECTOR = YES;
				GCC_WARN_UNINITIALIZED_AUTOS = YES_AGGRESSIVE;
				GCC_WARN_UNUSED_FUNCTION = YES;
				GCC_WARN_UNUSED_VARIABLE = YES;
				IPHONEOS_DEPLOYMENT_TARGET = 16.2;
				MTL_ENABLE_DEBUG_INFO = INCLUDE_SOURCE;
				MTL_FAST_MATH = YES;
				ONLY_ACTIVE_ARCH = YES;
				SDKROOT = iphoneos;
				SWIFT_ACTIVE_COMPILATION_CONDITIONS = DEBUG;
				SWIFT_OPTIMIZATION_LEVEL = "-Onone";
			};
			name = Debug;
		};
		3B603BA72A9B8D1D0030A563 /* Release */ = {
			isa = XCBuildConfiguration;
			buildSettings = {
				ALWAYS_SEARCH_USER_PATHS = NO;
				CLANG_ANALYZER_NONNULL = YES;
				CLANG_ANALYZER_NUMBER_OBJECT_CONVERSION = YES_AGGRESSIVE;
				CLANG_CXX_LANGUAGE_STANDARD = "gnu++20";
				CLANG_ENABLE_MODULES = YES;
				CLANG_ENABLE_OBJC_ARC = YES;
				CLANG_ENABLE_OBJC_WEAK = YES;
				CLANG_WARN_BLOCK_CAPTURE_AUTORELEASING = YES;
				CLANG_WARN_BOOL_CONVERSION = YES;
				CLANG_WARN_COMMA = YES;
				CLANG_WARN_CONSTANT_CONVERSION = YES;
				CLANG_WARN_DEPRECATED_OBJC_IMPLEMENTATIONS = YES;
				CLANG_WARN_DIRECT_OBJC_ISA_USAGE = YES_ERROR;
				CLANG_WARN_DOCUMENTATION_COMMENTS = YES;
				CLANG_WARN_EMPTY_BODY = YES;
				CLANG_WARN_ENUM_CONVERSION = YES;
				CLANG_WARN_INFINITE_RECURSION = YES;
				CLANG_WARN_INT_CONVERSION = YES;
				CLANG_WARN_NON_LITERAL_NULL_CONVERSION = YES;
				CLANG_WARN_OBJC_IMPLICIT_RETAIN_SELF = YES;
				CLANG_WARN_OBJC_LITERAL_CONVERSION = YES;
				CLANG_WARN_OBJC_ROOT_CLASS = YES_ERROR;
				CLANG_WARN_QUOTED_INCLUDE_IN_FRAMEWORK_HEADER = YES;
				CLANG_WARN_RANGE_LOOP_ANALYSIS = YES;
				CLANG_WARN_STRICT_PROTOTYPES = YES;
				CLANG_WARN_SUSPICIOUS_MOVE = YES;
				CLANG_WARN_UNGUARDED_AVAILABILITY = YES_AGGRESSIVE;
				CLANG_WARN_UNREACHABLE_CODE = YES;
				CLANG_WARN__DUPLICATE_METHOD_MATCH = YES;
				COPY_PHASE_STRIP = NO;
				DEBUG_INFORMATION_FORMAT = "dwarf-with-dsym";
				ENABLE_NS_ASSERTIONS = NO;
				ENABLE_STRICT_OBJC_MSGSEND = YES;
				GCC_C_LANGUAGE_STANDARD = gnu11;
				GCC_NO_COMMON_BLOCKS = YES;
				GCC_WARN_64_TO_32_BIT_CONVERSION = YES;
				GCC_WARN_ABOUT_RETURN_TYPE = YES_ERROR;
				GCC_WARN_UNDECLARED_SELECTOR = YES;
				GCC_WARN_UNINITIALIZED_AUTOS = YES_AGGRESSIVE;
				GCC_WARN_UNUSED_FUNCTION = YES;
				GCC_WARN_UNUSED_VARIABLE = YES;
				IPHONEOS_DEPLOYMENT_TARGET = 16.2;
				MTL_ENABLE_DEBUG_INFO = NO;
				MTL_FAST_MATH = YES;
				SDKROOT = iphoneos;
				SWIFT_COMPILATION_MODE = wholemodule;
				SWIFT_OPTIMIZATION_LEVEL = "-O";
				VALIDATE_PRODUCT = YES;
			};
			name = Release;
		};
		3B603BA92A9B8D1D0030A563 /* Debug */ = {
			isa = XCBuildConfiguration;
			buildSettings = {
				ASSETCATALOG_COMPILER_APPICON_NAME = AppIcon;
				ASSETCATALOG_COMPILER_GLOBAL_ACCENT_COLOR_NAME = AccentColor;
				CODE_SIGN_STYLE = Automatic;
				CURRENT_PROJECT_VERSION = 1;
				DEVELOPMENT_TEAM = ZX52BSW94P;
				GENERATE_INFOPLIST_FILE = YES;
				INFOPLIST_FILE = "Popular Movies/Info.plist";
				INFOPLIST_KEY_UIApplicationSupportsIndirectInputEvents = YES;
				INFOPLIST_KEY_UILaunchStoryboardName = LaunchScreen;
				INFOPLIST_KEY_UIMainStoryboardFile = Main;
				INFOPLIST_KEY_UISupportedInterfaceOrientations_iPad = "UIInterfaceOrientationPortrait UIInterfaceOrientationPortraitUpsideDown UIInterfaceOrientationLandscapeLeft UIInterfaceOrientationLandscapeRight";
				INFOPLIST_KEY_UISupportedInterfaceOrientations_iPhone = "UIInterfaceOrientationPortrait UIInterfaceOrientationLandscapeLeft UIInterfaceOrientationLandscapeRight";
				LD_RUNPATH_SEARCH_PATHS = (
					"$(inherited)",
					"@executable_path/Frameworks",
				);
				MARKETING_VERSION = 1.0;
				PRODUCT_BUNDLE_IDENTIFIER = "Popular-Movies.Popular-Movies";
				PRODUCT_NAME = "$(TARGET_NAME)";
				SWIFT_EMIT_LOC_STRINGS = YES;
				SWIFT_VERSION = 5.0;
				TARGETED_DEVICE_FAMILY = "1,2";
			};
			name = Debug;
		};
		3B603BAA2A9B8D1D0030A563 /* Release */ = {
			isa = XCBuildConfiguration;
			buildSettings = {
				ASSETCATALOG_COMPILER_APPICON_NAME = AppIcon;
				ASSETCATALOG_COMPILER_GLOBAL_ACCENT_COLOR_NAME = AccentColor;
				CODE_SIGN_STYLE = Automatic;
				CURRENT_PROJECT_VERSION = 1;
				DEVELOPMENT_TEAM = ZX52BSW94P;
				GENERATE_INFOPLIST_FILE = YES;
				INFOPLIST_FILE = "Popular Movies/Info.plist";
				INFOPLIST_KEY_UIApplicationSupportsIndirectInputEvents = YES;
				INFOPLIST_KEY_UILaunchStoryboardName = LaunchScreen;
				INFOPLIST_KEY_UIMainStoryboardFile = Main;
				INFOPLIST_KEY_UISupportedInterfaceOrientations_iPad = "UIInterfaceOrientationPortrait UIInterfaceOrientationPortraitUpsideDown UIInterfaceOrientationLandscapeLeft UIInterfaceOrientationLandscapeRight";
				INFOPLIST_KEY_UISupportedInterfaceOrientations_iPhone = "UIInterfaceOrientationPortrait UIInterfaceOrientationLandscapeLeft UIInterfaceOrientationLandscapeRight";
				LD_RUNPATH_SEARCH_PATHS = (
					"$(inherited)",
					"@executable_path/Frameworks",
				);
				MARKETING_VERSION = 1.0;
				PRODUCT_BUNDLE_IDENTIFIER = "Popular-Movies.Popular-Movies";
				PRODUCT_NAME = "$(TARGET_NAME)";
				SWIFT_EMIT_LOC_STRINGS = YES;
				SWIFT_VERSION = 5.0;
				TARGETED_DEVICE_FAMILY = "1,2";
			};
			name = Release;
		};
		3B603BAC2A9B8D1D0030A563 /* Debug */ = {
			isa = XCBuildConfiguration;
			buildSettings = {
				ALWAYS_EMBED_SWIFT_STANDARD_LIBRARIES = YES;
				BUNDLE_LOADER = "$(TEST_HOST)";
				CODE_SIGN_STYLE = Automatic;
				CURRENT_PROJECT_VERSION = 1;
				DEVELOPMENT_TEAM = ZX52BSW94P;
				GENERATE_INFOPLIST_FILE = YES;
				IPHONEOS_DEPLOYMENT_TARGET = 16.2;
				MARKETING_VERSION = 1.0;
				PRODUCT_BUNDLE_IDENTIFIER = "Popular-Movies.Popular-MoviesTests";
				PRODUCT_NAME = "$(TARGET_NAME)";
				SWIFT_EMIT_LOC_STRINGS = NO;
				SWIFT_VERSION = 5.0;
				TARGETED_DEVICE_FAMILY = "1,2";
				TEST_HOST = "$(BUILT_PRODUCTS_DIR)/Popular Movies.app/$(BUNDLE_EXECUTABLE_FOLDER_PATH)/Popular Movies";
			};
			name = Debug;
		};
		3B603BAD2A9B8D1D0030A563 /* Release */ = {
			isa = XCBuildConfiguration;
			buildSettings = {
				ALWAYS_EMBED_SWIFT_STANDARD_LIBRARIES = YES;
				BUNDLE_LOADER = "$(TEST_HOST)";
				CODE_SIGN_STYLE = Automatic;
				CURRENT_PROJECT_VERSION = 1;
				DEVELOPMENT_TEAM = ZX52BSW94P;
				GENERATE_INFOPLIST_FILE = YES;
				IPHONEOS_DEPLOYMENT_TARGET = 16.2;
				MARKETING_VERSION = 1.0;
				PRODUCT_BUNDLE_IDENTIFIER = "Popular-Movies.Popular-MoviesTests";
				PRODUCT_NAME = "$(TARGET_NAME)";
				SWIFT_EMIT_LOC_STRINGS = NO;
				SWIFT_VERSION = 5.0;
				TARGETED_DEVICE_FAMILY = "1,2";
				TEST_HOST = "$(BUILT_PRODUCTS_DIR)/Popular Movies.app/$(BUNDLE_EXECUTABLE_FOLDER_PATH)/Popular Movies";
			};
			name = Release;
		};
		3B603BAF2A9B8D1D0030A563 /* Debug */ = {
			isa = XCBuildConfiguration;
			buildSettings = {
				ALWAYS_EMBED_SWIFT_STANDARD_LIBRARIES = YES;
				CODE_SIGN_STYLE = Automatic;
				CURRENT_PROJECT_VERSION = 1;
				DEVELOPMENT_TEAM = ZX52BSW94P;
				GENERATE_INFOPLIST_FILE = YES;
				MARKETING_VERSION = 1.0;
				PRODUCT_BUNDLE_IDENTIFIER = "Popular-Movies.Popular-MoviesUITests";
				PRODUCT_NAME = "$(TARGET_NAME)";
				SWIFT_EMIT_LOC_STRINGS = NO;
				SWIFT_VERSION = 5.0;
				TARGETED_DEVICE_FAMILY = "1,2";
				TEST_TARGET_NAME = "Popular Movies";
			};
			name = Debug;
		};
		3B603BB02A9B8D1D0030A563 /* Release */ = {
			isa = XCBuildConfiguration;
			buildSettings = {
				ALWAYS_EMBED_SWIFT_STANDARD_LIBRARIES = YES;
				CODE_SIGN_STYLE = Automatic;
				CURRENT_PROJECT_VERSION = 1;
				DEVELOPMENT_TEAM = ZX52BSW94P;
				GENERATE_INFOPLIST_FILE = YES;
				MARKETING_VERSION = 1.0;
				PRODUCT_BUNDLE_IDENTIFIER = "Popular-Movies.Popular-MoviesUITests";
				PRODUCT_NAME = "$(TARGET_NAME)";
				SWIFT_EMIT_LOC_STRINGS = NO;
				SWIFT_VERSION = 5.0;
				TARGETED_DEVICE_FAMILY = "1,2";
				TEST_TARGET_NAME = "Popular Movies";
			};
			name = Release;
		};
/* End XCBuildConfiguration section */

/* Begin XCConfigurationList section */
		3B603B762A9B8D1B0030A563 /* Build configuration list for PBXProject "Popular Movies" */ = {
			isa = XCConfigurationList;
			buildConfigurations = (
				3B603BA62A9B8D1D0030A563 /* Debug */,
				3B603BA72A9B8D1D0030A563 /* Release */,
			);
			defaultConfigurationIsVisible = 0;
			defaultConfigurationName = Release;
		};
		3B603BA82A9B8D1D0030A563 /* Build configuration list for PBXNativeTarget "Popular Movies" */ = {
			isa = XCConfigurationList;
			buildConfigurations = (
				3B603BA92A9B8D1D0030A563 /* Debug */,
				3B603BAA2A9B8D1D0030A563 /* Release */,
			);
			defaultConfigurationIsVisible = 0;
			defaultConfigurationName = Release;
		};
		3B603BAB2A9B8D1D0030A563 /* Build configuration list for PBXNativeTarget "Popular MoviesTests" */ = {
			isa = XCConfigurationList;
			buildConfigurations = (
				3B603BAC2A9B8D1D0030A563 /* Debug */,
				3B603BAD2A9B8D1D0030A563 /* Release */,
			);
			defaultConfigurationIsVisible = 0;
			defaultConfigurationName = Release;
		};
		3B603BAE2A9B8D1D0030A563 /* Build configuration list for PBXNativeTarget "Popular MoviesUITests" */ = {
			isa = XCConfigurationList;
			buildConfigurations = (
				3B603BAF2A9B8D1D0030A563 /* Debug */,
				3B603BB02A9B8D1D0030A563 /* Release */,
			);
			defaultConfigurationIsVisible = 0;
			defaultConfigurationName = Release;
		};
/* End XCConfigurationList section */

/* Begin XCVersionGroup section */
		3B603B872A9B8D1B0030A563 /* Popular_Movies.xcdatamodeld */ = {
			isa = XCVersionGroup;
			children = (
				3B603B882A9B8D1B0030A563 /* Popular_Movies.xcdatamodel */,
			);
			currentVersion = 3B603B882A9B8D1B0030A563 /* Popular_Movies.xcdatamodel */;
			path = Popular_Movies.xcdatamodeld;
			sourceTree = "<group>";
			versionGroupType = wrapper.xcdatamodel;
		};
/* End XCVersionGroup section */
	};
	rootObject = 3B603B732A9B8D1B0030A563 /* Project object */;
}
